Microsoft Visual Studio Solution File, Format Version 11.00
# Visual Studio 2008

Project("{6B805EBD-4ABC-A1B3-80C8-0D515E1153F4}") = "ZombieRunGit", "Assembly-CSharp.csproj", "{0FD1845C-C505-90A2-E649-117B47AF3C1B}"
EndProject
Global
	GlobalSection(SolutionConfigurationPlatforms) = preSolution
		Debug|Any CPU = Debug|Any CPU
		Release|Any CPU = Release|Any CPU
	EndGlobalSection
	GlobalSection(ProjectConfigurationPlatforms) = postSolution
		{0FD1845C-C505-90A2-E649-117B47AF3C1B}.Debug|Any CPU.ActiveCfg = Debug|Any CPU
		{0FD1845C-C505-90A2-E649-117B47AF3C1B}.Debug|Any CPU.Build.0 = Debug|Any CPU
		{0FD1845C-C505-90A2-E649-117B47AF3C1B}.Release|Any CPU.ActiveCfg = Release|Any CPU
		{0FD1845C-C505-90A2-E649-117B47AF3C1B}.Release|Any CPU.Build.0 = Release|Any CPU
	EndGlobalSection
	GlobalSection(SolutionProperties) = preSolution
		HideSolutionNode = FALSE
	EndGlobalSection
	GlobalSection(MonoDevelopProperties) = preSolution
		StartupItem = Assembly-CSharp.csproj
	EndGlobalSection
EndGlobal
